
Microsoft Visual Studio Solution File, Format Version 12.00
# Visual Studio Version 16
VisualStudioVersion = 16.0.29020.237
MinimumVisualStudioVersion = 10.0.40219.1
Project("{9A19103F-16F7-4668-BE54-9A1E7A4F7556}") = "BirdWatcherBackend", "BirdWatcherBackend\BirdWatcherBackend.csproj", "{C9512279-7BA6-47F6-90FA-9FDFEDDAFD5F}"
EndProject
Project("{888888A0-9F3D-457C-B088-3A5042F75D52}") = "BirdwatcherIoTClient", "BirdwatcherIoTClient\BirdwatcherIoTClient.pyproj", "{E93C7CFB-9DB2-4132-B1AB-B57E50B93966}"
EndProject
Project("{FAE04EC0-301F-11D3-BF4B-00C04F79EFBC}") = "BirdWatcherApp.UWP", "BirdWatcherApp\BirdWatcherApp.UWP\BirdWatcherApp.UWP.csproj", "{4AC077D9-1396-446F-A4B4-9C2CCD36CA42}"
EndProject
Project("{FAE04EC0-301F-11D3-BF4B-00C04F79EFBC}") = "BirdWatcherApp.Android", "BirdWatcherApp\BirdWatcherApp.Android\BirdWatcherApp.Android.csproj", "{FBB4DA8C-6697-4C68-967F-915F53937B0F}"
EndProject
Project("{FAE04EC0-301F-11D3-BF4B-00C04F79EFBC}") = "BirdWatcherApp.iOS", "BirdWatcherApp\BirdWatcherApp.iOS\BirdWatcherApp.iOS.csproj", "{6E6DF9CB-A5BC-485A-B9C0-BAE5199EFDE2}"
EndProject
Project("{FAE04EC0-301F-11D3-BF4B-00C04F79EFBC}") = "BirdWatcherApp", "BirdWatcherApp\BirdWatcherApp\BirdWatcherApp.csproj", "{917ABC07-E319-40FA-AB1F-F1A9C8148E96}"
EndProject
Global
	GlobalSection(SolutionConfigurationPlatforms) = preSolution
		Debug|Any CPU = Debug|Any CPU
		Debug|ARM = Debug|ARM
		Debug|iPhone = Debug|iPhone
		Debug|iPhoneSimulator = Debug|iPhoneSimulator
		Debug|x64 = Debug|x64
		Debug|x86 = Debug|x86
		Release|Any CPU = Release|Any CPU
		Release|ARM = Release|ARM
		Release|iPhone = Release|iPhone
		Release|iPhoneSimulator = Release|iPhoneSimulator
		Release|x64 = Release|x64
		Release|x86 = Release|x86
	EndGlobalSection
	GlobalSection(ProjectConfigurationPlatforms) = postSolution
		{C9512279-7BA6-47F6-90FA-9FDFEDDAFD5F}.Debug|Any CPU.ActiveCfg = Debug|Any CPU
		{C9512279-7BA6-47F6-90FA-9FDFEDDAFD5F}.Debug|Any CPU.Build.0 = Debug|Any CPU
		{C9512279-7BA6-47F6-90FA-9FDFEDDAFD5F}.Debug|ARM.ActiveCfg = Debug|Any CPU
		{C9512279-7BA6-47F6-90FA-9FDFEDDAFD5F}.Debug|ARM.Build.0 = Debug|Any CPU
		{C9512279-7BA6-47F6-90FA-9FDFEDDAFD5F}.Debug|iPhone.ActiveCfg = Debug|Any CPU
		{C9512279-7BA6-47F6-90FA-9FDFEDDAFD5F}.Debug|iPhone.Build.0 = Debug|Any CPU
		{C9512279-7BA6-47F6-90FA-9FDFEDDAFD5F}.Debug|iPhoneSimulator.ActiveCfg = Debug|Any CPU
		{C9512279-7BA6-47F6-90FA-9FDFEDDAFD5F}.Debug|iPhoneSimulator.Build.0 = Debug|Any CPU
		{C9512279-7BA6-47F6-90FA-9FDFEDDAFD5F}.Debug|x64.ActiveCfg = Debug|Any CPU
		{C9512279-7BA6-47F6-90FA-9FDFEDDAFD5F}.Debug|x64.Build.0 = Debug|Any CPU
		{C9512279-7BA6-47F6-90FA-9FDFEDDAFD5F}.Debug|x86.ActiveCfg = Debug|Any CPU
		{C9512279-7BA6-47F6-90FA-9FDFEDDAFD5F}.Debug|x86.Build.0 = Debug|Any CPU
		{C9512279-7BA6-47F6-90FA-9FDFEDDAFD5F}.Release|Any CPU.ActiveCfg = Release|Any CPU
		{C9512279-7BA6-47F6-90FA-9FDFEDDAFD5F}.Release|Any CPU.Build.0 = Release|Any CPU
		{C9512279-7BA6-47F6-90FA-9FDFEDDAFD5F}.Release|ARM.ActiveCfg = Release|Any CPU
		{C9512279-7BA6-47F6-90FA-9FDFEDDAFD5F}.Release|ARM.Build.0 = Release|Any CPU
		{C9512279-7BA6-47F6-90FA-9FDFEDDAFD5F}.Release|iPhone.ActiveCfg = Release|Any CPU
		{C9512279-7BA6-47F6-90FA-9FDFEDDAFD5F}.Release|iPhone.Build.0 = Release|Any CPU
		{C9512279-7BA6-47F6-90FA-9FDFEDDAFD5F}.Release|iPhoneSimulator.ActiveCfg = Release|Any CPU
		{C9512279-7BA6-47F6-90FA-9FDFEDDAFD5F}.Release|iPhoneSimulator.Build.0 = Release|Any CPU
		{C9512279-7BA6-47F6-90FA-9FDFEDDAFD5F}.Release|x64.ActiveCfg = Release|Any CPU
		{C9512279-7BA6-47F6-90FA-9FDFEDDAFD5F}.Release|x64.Build.0 = Release|Any CPU
		{C9512279-7BA6-47F6-90FA-9FDFEDDAFD5F}.Release|x86.ActiveCfg = Release|Any CPU
		{C9512279-7BA6-47F6-90FA-9FDFEDDAFD5F}.Release|x86.Build.0 = Release|Any CPU
		{E93C7CFB-9DB2-4132-B1AB-B57E50B93966}.Debug|Any CPU.ActiveCfg = Debug|Any CPU
		{E93C7CFB-9DB2-4132-B1AB-B57E50B93966}.Debug|ARM.ActiveCfg = Debug|Any CPU
		{E93C7CFB-9DB2-4132-B1AB-B57E50B93966}.Debug|iPhone.ActiveCfg = Debug|Any CPU
		{E93C7CFB-9DB2-4132-B1AB-B57E50B93966}.Debug|iPhoneSimulator.ActiveCfg = Debug|Any CPU
		{E93C7CFB-9DB2-4132-B1AB-B57E50B93966}.Debug|x64.ActiveCfg = Debug|Any CPU
		{E93C7CFB-9DB2-4132-B1AB-B57E50B93966}.Debug|x86.ActiveCfg = Debug|Any CPU
		{E93C7CFB-9DB2-4132-B1AB-B57E50B93966}.Release|Any CPU.ActiveCfg = Release|Any CPU
		{E93C7CFB-9DB2-4132-B1AB-B57E50B93966}.Release|ARM.ActiveCfg = Release|Any CPU
		{E93C7CFB-9DB2-4132-B1AB-B57E50B93966}.Release|iPhone.ActiveCfg = Release|Any CPU
		{E93C7CFB-9DB2-4132-B1AB-B57E50B93966}.Release|iPhoneSimulator.ActiveCfg = Release|Any CPU
		{E93C7CFB-9DB2-4132-B1AB-B57E50B93966}.Release|x64.ActiveCfg = Release|Any CPU
		{E93C7CFB-9DB2-4132-B1AB-B57E50B93966}.Release|x86.ActiveCfg = Release|Any CPU
		{4AC077D9-1396-446F-A4B4-9C2CCD36CA42}.Debug|Any CPU.ActiveCfg = Debug|x86
		{4AC077D9-1396-446F-A4B4-9C2CCD36CA42}.Debug|ARM.ActiveCfg = Debug|ARM
		{4AC077D9-1396-446F-A4B4-9C2CCD36CA42}.Debug|ARM.Build.0 = Debug|ARM
		{4AC077D9-1396-446F-A4B4-9C2CCD36CA42}.Debug|ARM.Deploy.0 = Debug|ARM
		{4AC077D9-1396-446F-A4B4-9C2CCD36CA42}.Debug|iPhone.ActiveCfg = Debug|x86
		{4AC077D9-1396-446F-A4B4-9C2CCD36CA42}.Debug|iPhoneSimulator.ActiveCfg = Debug|x86
		{4AC077D9-1396-446F-A4B4-9C2CCD36CA42}.Debug|x64.ActiveCfg = Debug|x64
		{4AC077D9-1396-446F-A4B4-9C2CCD36CA42}.Debug|x64.Build.0 = Debug|x64
		{4AC077D9-1396-446F-A4B4-9C2CCD36CA42}.Debug|x64.Deploy.0 = Debug|x64
		{4AC077D9-1396-446F-A4B4-9C2CCD36CA42}.Debug|x86.ActiveCfg = Debug|x86
		{4AC077D9-1396-446F-A4B4-9C2CCD36CA42}.Debug|x86.Build.0 = Debug|x86
		{4AC077D9-1396-446F-A4B4-9C2CCD36CA42}.Debug|x86.Deploy.0 = Debug|x86
		{4AC077D9-1396-446F-A4B4-9C2CCD36CA42}.Release|Any CPU.ActiveCfg = Release|x86
		{4AC077D9-1396-446F-A4B4-9C2CCD36CA42}.Release|ARM.ActiveCfg = Release|ARM
		{4AC077D9-1396-446F-A4B4-9C2CCD36CA42}.Release|ARM.Build.0 = Release|ARM
		{4AC077D9-1396-446F-A4B4-9C2CCD36CA42}.Release|ARM.Deploy.0 = Release|ARM
		{4AC077D9-1396-446F-A4B4-9C2CCD36CA42}.Release|iPhone.ActiveCfg = Release|x86
		{4AC077D9-1396-446F-A4B4-9C2CCD36CA42}.Release|iPhoneSimulator.ActiveCfg = Release|x86
		{4AC077D9-1396-446F-A4B4-9C2CCD36CA42}.Release|x64.ActiveCfg = Release|x64
		{4AC077D9-1396-446F-A4B4-9C2CCD36CA42}.Release|x64.Build.0 = Release|x64
		{4AC077D9-1396-446F-A4B4-9C2CCD36CA42}.Release|x64.Deploy.0 = Release|x64
		{4AC077D9-1396-446F-A4B4-9C2CCD36CA42}.Release|x86.ActiveCfg = Release|x86
		{4AC077D9-1396-446F-A4B4-9C2CCD36CA42}.Release|x86.Build.0 = Release|x86
		{4AC077D9-1396-446F-A4B4-9C2CCD36CA42}.Release|x86.Deploy.0 = Release|x86
		{FBB4DA8C-6697-4C68-967F-915F53937B0F}.Debug|Any CPU.ActiveCfg = Debug|Any CPU
		{FBB4DA8C-6697-4C68-967F-915F53937B0F}.Debug|Any CPU.Build.0 = Debug|Any CPU
		{FBB4DA8C-6697-4C68-967F-915F53937B0F}.Debug|Any CPU.Deploy.0 = Debug|Any CPU
		{FBB4DA8C-6697-4C68-967F-915F53937B0F}.Debug|ARM.ActiveCfg = Debug|Any CPU
		{FBB4DA8C-6697-4C68-967F-915F53937B0F}.Debug|ARM.Build.0 = Debug|Any CPU
		{FBB4DA8C-6697-4C68-967F-915F53937B0F}.Debug|ARM.Deploy.0 = Debug|Any CPU
		{FBB4DA8C-6697-4C68-967F-915F53937B0F}.Debug|iPhone.ActiveCfg = Debug|Any CPU
		{FBB4DA8C-6697-4C68-967F-915F53937B0F}.Debug|iPhone.Build.0 = Debug|Any CPU
		{FBB4DA8C-6697-4C68-967F-915F53937B0F}.Debug|iPhone.Deploy.0 = Debug|Any CPU
		{FBB4DA8C-6697-4C68-967F-915F53937B0F}.Debug|iPhoneSimulator.ActiveCfg = Debug|Any CPU
		{FBB4DA8C-6697-4C68-967F-915F53937B0F}.Debug|iPhoneSimulator.Build.0 = Debug|Any CPU
		{FBB4DA8C-6697-4C68-967F-915F53937B0F}.Debug|iPhoneSimulator.Deploy.0 = Debug|Any CPU
		{FBB4DA8C-6697-4C68-967F-915F53937B0F}.Debug|x64.ActiveCfg = Debug|Any CPU
		{FBB4DA8C-6697-4C68-967F-915F53937B0F}.Debug|x64.Build.0 = Debug|Any CPU
		{FBB4DA8C-6697-4C68-967F-915F53937B0F}.Debug|x64.Deploy.0 = Debug|Any CPU
		{FBB4DA8C-6697-4C68-967F-915F53937B0F}.Debug|x86.ActiveCfg = Debug|Any CPU
		{FBB4DA8C-6697-4C68-967F-915F53937B0F}.Debug|x86.Build.0 = Debug|Any CPU
		{FBB4DA8C-6697-4C68-967F-915F53937B0F}.Debug|x86.Deploy.0 = Debug|Any CPU
		{FBB4DA8C-6697-4C68-967F-915F53937B0F}.Release|Any CPU.ActiveCfg = Release|Any CPU
		{FBB4DA8C-6697-4C68-967F-915F53937B0F}.Release|Any CPU.Build.0 = Release|Any CPU
		{FBB4DA8C-6697-4C68-967F-915F53937B0F}.Release|Any CPU.Deploy.0 = Release|Any CPU
		{FBB4DA8C-6697-4C68-967F-915F53937B0F}.Release|ARM.ActiveCfg = Release|Any CPU
		{FBB4DA8C-6697-4C68-967F-915F53937B0F}.Release|ARM.Build.0 = Release|Any CPU
		{FBB4DA8C-6697-4C68-967F-915F53937B0F}.Release|ARM.Deploy.0 = Release|Any CPU
		{FBB4DA8C-6697-4C68-967F-915F53937B0F}.Release|iPhone.ActiveCfg = Release|Any CPU
		{FBB4DA8C-6697-4C68-967F-915F53937B0F}.Release|iPhone.Build.0 = Release|Any CPU
		{FBB4DA8C-6697-4C68-967F-915F53937B0F}.Release|iPhone.Deploy.0 = Release|Any CPU
		{FBB4DA8C-6697-4C68-967F-915F53937B0F}.Release|iPhoneSimulator.ActiveCfg = Release|Any CPU
		{FBB4DA8C-6697-4C68-967F-915F53937B0F}.Release|iPhoneSimulator.Build.0 = Release|Any CPU
		{FBB4DA8C-6697-4C68-967F-915F53937B0F}.Release|iPhoneSimulator.Deploy.0 = Release|Any CPU
		{FBB4DA8C-6697-4C68-967F-915F53937B0F}.Release|x64.ActiveCfg = Release|Any CPU
		{FBB4DA8C-6697-4C68-967F-915F53937B0F}.Release|x64.Build.0 = Release|Any CPU
		{FBB4DA8C-6697-4C68-967F-915F53937B0F}.Release|x64.Deploy.0 = Release|Any CPU
		{FBB4DA8C-6697-4C68-967F-915F53937B0F}.Release|x86.ActiveCfg = Release|Any CPU
		{FBB4DA8C-6697-4C68-967F-915F53937B0F}.Release|x86.Build.0 = Release|Any CPU
		{FBB4DA8C-6697-4C68-967F-915F53937B0F}.Release|x86.Deploy.0 = Release|Any CPU
		{6E6DF9CB-A5BC-485A-B9C0-BAE5199EFDE2}.Debug|Any CPU.ActiveCfg = Debug|iPhone
		{6E6DF9CB-A5BC-485A-B9C0-BAE5199EFDE2}.Debug|ARM.ActiveCfg = Debug|iPhone
		{6E6DF9CB-A5BC-485A-B9C0-BAE5199EFDE2}.Debug|iPhone.ActiveCfg = Debug|iPhone
		{6E6DF9CB-A5BC-485A-B9C0-BAE5199EFDE2}.Debug|iPhone.Build.0 = Debug|iPhone
		{6E6DF9CB-A5BC-485A-B9C0-BAE5199EFDE2}.Debug|iPhoneSimulator.ActiveCfg = Debug|iPhoneSimulator
		{6E6DF9CB-A5BC-485A-B9C0-BAE5199EFDE2}.Debug|iPhoneSimulator.Build.0 = Debug|iPhoneSimulator
		{6E6DF9CB-A5BC-485A-B9C0-BAE5199EFDE2}.Debug|x64.ActiveCfg = Debug|iPhone
		{6E6DF9CB-A5BC-485A-B9C0-BAE5199EFDE2}.Debug|x86.ActiveCfg = Debug|iPhone
		{6E6DF9CB-A5BC-485A-B9C0-BAE5199EFDE2}.Release|Any CPU.ActiveCfg = Release|iPhone
		{6E6DF9CB-A5BC-485A-B9C0-BAE5199EFDE2}.Release|ARM.ActiveCfg = Release|iPhone
		{6E6DF9CB-A5BC-485A-B9C0-BAE5199EFDE2}.Release|iPhone.ActiveCfg = Release|iPhone
		{6E6DF9CB-A5BC-485A-B9C0-BAE5199EFDE2}.Release|iPhone.Build.0 = Release|iPhone
		{6E6DF9CB-A5BC-485A-B9C0-BAE5199EFDE2}.Release|iPhoneSimulator.ActiveCfg = Release|iPhoneSimulator
		{6E6DF9CB-A5BC-485A-B9C0-BAE5199EFDE2}.Release|iPhoneSimulator.Build.0 = Release|iPhoneSimulator
		{6E6DF9CB-A5BC-485A-B9C0-BAE5199EFDE2}.Release|x64.ActiveCfg = Release|iPhone
		{6E6DF9CB-A5BC-485A-B9C0-BAE5199EFDE2}.Release|x86.ActiveCfg = Release|iPhone
		{917ABC07-E319-40FA-AB1F-F1A9C8148E96}.Debug|Any CPU.ActiveCfg = Debug|Any CPU
		{917ABC07-E319-40FA-AB1F-F1A9C8148E96}.Debug|Any CPU.Build.0 = Debug|Any CPU
		{917ABC07-E319-40FA-AB1F-F1A9C8148E96}.Debug|ARM.ActiveCfg = Debug|Any CPU
		{917ABC07-E319-40FA-AB1F-F1A9C8148E96}.Debug|ARM.Build.0 = Debug|Any CPU
		{917ABC07-E319-40FA-AB1F-F1A9C8148E96}.Debug|iPhone.ActiveCfg = Debug|Any CPU
		{917ABC07-E319-40FA-AB1F-F1A9C8148E96}.Debug|iPhone.Build.0 = Debug|Any CPU
		{917ABC07-E319-40FA-AB1F-F1A9C8148E96}.Debug|iPhoneSimulator.ActiveCfg = Debug|Any CPU
		{917ABC07-E319-40FA-AB1F-F1A9C8148E96}.Debug|iPhoneSimulator.Build.0 = Debug|Any CPU
		{917ABC07-E319-40FA-AB1F-F1A9C8148E96}.Debug|x64.ActiveCfg = Debug|Any CPU
		{917ABC07-E319-40FA-AB1F-F1A9C8148E96}.Debug|x64.Build.0 = Debug|Any CPU
		{917ABC07-E319-40FA-AB1F-F1A9C8148E96}.Debug|x86.ActiveCfg = Debug|Any CPU
		{917ABC07-E319-40FA-AB1F-F1A9C8148E96}.Debug|x86.Build.0 = Debug|Any CPU
		{917ABC07-E319-40FA-AB1F-F1A9C8148E96}.Release|Any CPU.ActiveCfg = Release|Any CPU
		{917ABC07-E319-40FA-AB1F-F1A9C8148E96}.Release|Any CPU.Build.0 = Release|Any CPU
		{917ABC07-E319-40FA-AB1F-F1A9C8148E96}.Release|ARM.ActiveCfg = Release|Any CPU
		{917ABC07-E319-40FA-AB1F-F1A9C8148E96}.Release|ARM.Build.0 = Release|Any CPU
		{917ABC07-E319-40FA-AB1F-F1A9C8148E96}.Release|iPhone.ActiveCfg = Release|Any CPU
		{917ABC07-E319-40FA-AB1F-F1A9C8148E96}.Release|iPhone.Build.0 = Release|Any CPU
		{917ABC07-E319-40FA-AB1F-F1A9C8148E96}.Release|iPhoneSimulator.ActiveCfg = Release|Any CPU
		{917ABC07-E319-40FA-AB1F-F1A9C8148E96}.Release|iPhoneSimulator.Build.0 = Release|Any CPU
		{917ABC07-E319-40FA-AB1F-F1A9C8148E96}.Release|x64.ActiveCfg = Release|Any CPU
		{917ABC07-E319-40FA-AB1F-F1A9C8148E96}.Release|x64.Build.0 = Release|Any CPU
		{917ABC07-E319-40FA-AB1F-F1A9C8148E96}.Release|x86.ActiveCfg = Release|Any CPU
		{917ABC07-E319-40FA-AB1F-F1A9C8148E96}.Release|x86.Build.0 = Release|Any CPU
	EndGlobalSection
	GlobalSection(SolutionProperties) = preSolution
		HideSolutionNode = FALSE
	EndGlobalSection
	GlobalSection(ExtensibilityGlobals) = postSolution
		SolutionGuid = {D56648B9-A709-4994-B233-816696B0D12B}
	EndGlobalSection
EndGlobal
