Microsoft Visual Studio Solution File, Format Version 12.00
# Visual Studio Version 17
VisualStudioVersion = 17.4.33205.214
MinimumVisualStudioVersion = 10.0.40219.1
Project("{888888A0-9F3D-457C-B088-3A5042F75D52}") = "BirdwatcherIoTClient", "BirdwatcherIoTClient\BirdwatcherIoTClient.pyproj", "{E93C7CFB-9DB2-4132-B1AB-B57E50B93966}"
EndProject
Project("{9A19103F-16F7-4668-BE54-9A1E7A4F7556}") = "BirdWatcherWeb", "BirdWatcherWeb\BirdWatcherWeb.csproj", "{08110A05-B835-4F52-9A46-E8BAB91E739D}"
EndProject
Project("{888888A0-9F3D-457C-B088-3A5042F75D52}") = "WeatherStation", "WeatherStation\WeatherStation.pyproj", "{D4323469-62D6-4498-8702-579BFF9FC43A}"
EndProject
Project("{FAE04EC0-301F-11D3-BF4B-00C04F79EFBC}") = "WeatherStationApp", "WeatherStationApp\WeatherStationApp.csproj", "{778E04F6-8AC9-423E-88B0-BFB779F4C36F}"
EndProject
Global
	GlobalSection(SolutionConfigurationPlatforms) = preSolution
		Debug|Any CPU = Debug|Any CPU
		Debug|ARM = Debug|ARM
		Debug|iPhone = Debug|iPhone
		Debug|iPhoneSimulator = Debug|iPhoneSimulator
		Debug|x64 = Debug|x64
		Debug|x86 = Debug|x86
		Release|Any CPU = Release|Any CPU
		Release|ARM = Release|ARM
		Release|iPhone = Release|iPhone
		Release|iPhoneSimulator = Release|iPhoneSimulator
		Release|x64 = Release|x64
		Release|x86 = Release|x86
	EndGlobalSection
	GlobalSection(ProjectConfigurationPlatforms) = postSolution
		{E93C7CFB-9DB2-4132-B1AB-B57E50B93966}.Debug|Any CPU.ActiveCfg = Debug|Any CPU
		{E93C7CFB-9DB2-4132-B1AB-B57E50B93966}.Debug|ARM.ActiveCfg = Debug|Any CPU
		{E93C7CFB-9DB2-4132-B1AB-B57E50B93966}.Debug|iPhone.ActiveCfg = Debug|Any CPU
		{E93C7CFB-9DB2-4132-B1AB-B57E50B93966}.Debug|iPhoneSimulator.ActiveCfg = Debug|Any CPU
		{E93C7CFB-9DB2-4132-B1AB-B57E50B93966}.Debug|x64.ActiveCfg = Debug|Any CPU
		{E93C7CFB-9DB2-4132-B1AB-B57E50B93966}.Debug|x86.ActiveCfg = Debug|Any CPU
		{E93C7CFB-9DB2-4132-B1AB-B57E50B93966}.Release|Any CPU.ActiveCfg = Release|Any CPU
		{E93C7CFB-9DB2-4132-B1AB-B57E50B93966}.Release|ARM.ActiveCfg = Release|Any CPU
		{E93C7CFB-9DB2-4132-B1AB-B57E50B93966}.Release|iPhone.ActiveCfg = Release|Any CPU
		{E93C7CFB-9DB2-4132-B1AB-B57E50B93966}.Release|iPhoneSimulator.ActiveCfg = Release|Any CPU
		{E93C7CFB-9DB2-4132-B1AB-B57E50B93966}.Release|x64.ActiveCfg = Release|Any CPU
		{E93C7CFB-9DB2-4132-B1AB-B57E50B93966}.Release|x86.ActiveCfg = Release|Any CPU
		{08110A05-B835-4F52-9A46-E8BAB91E739D}.Debug|Any CPU.ActiveCfg = Debug|Any CPU
		{08110A05-B835-4F52-9A46-E8BAB91E739D}.Debug|Any CPU.Build.0 = Debug|Any CPU
		{08110A05-B835-4F52-9A46-E8BAB91E739D}.Debug|ARM.ActiveCfg = Debug|Any CPU
		{08110A05-B835-4F52-9A46-E8BAB91E739D}.Debug|ARM.Build.0 = Debug|Any CPU
		{08110A05-B835-4F52-9A46-E8BAB91E739D}.Debug|iPhone.ActiveCfg = Debug|Any CPU
		{08110A05-B835-4F52-9A46-E8BAB91E739D}.Debug|iPhone.Build.0 = Debug|Any CPU
		{08110A05-B835-4F52-9A46-E8BAB91E739D}.Debug|iPhoneSimulator.ActiveCfg = Debug|Any CPU
		{08110A05-B835-4F52-9A46-E8BAB91E739D}.Debug|iPhoneSimulator.Build.0 = Debug|Any CPU
		{08110A05-B835-4F52-9A46-E8BAB91E739D}.Debug|x64.ActiveCfg = Debug|Any CPU
		{08110A05-B835-4F52-9A46-E8BAB91E739D}.Debug|x64.Build.0 = Debug|Any CPU
		{08110A05-B835-4F52-9A46-E8BAB91E739D}.Debug|x86.ActiveCfg = Debug|Any CPU
		{08110A05-B835-4F52-9A46-E8BAB91E739D}.Debug|x86.Build.0 = Debug|Any CPU
		{08110A05-B835-4F52-9A46-E8BAB91E739D}.Release|Any CPU.ActiveCfg = Release|Any CPU
		{08110A05-B835-4F52-9A46-E8BAB91E739D}.Release|Any CPU.Build.0 = Release|Any CPU
		{08110A05-B835-4F52-9A46-E8BAB91E739D}.Release|ARM.ActiveCfg = Release|Any CPU
		{08110A05-B835-4F52-9A46-E8BAB91E739D}.Release|ARM.Build.0 = Release|Any CPU
		{08110A05-B835-4F52-9A46-E8BAB91E739D}.Release|iPhone.ActiveCfg = Release|Any CPU
		{08110A05-B835-4F52-9A46-E8BAB91E739D}.Release|iPhone.Build.0 = Release|Any CPU
		{08110A05-B835-4F52-9A46-E8BAB91E739D}.Release|iPhoneSimulator.ActiveCfg = Release|Any CPU
		{08110A05-B835-4F52-9A46-E8BAB91E739D}.Release|iPhoneSimulator.Build.0 = Release|Any CPU
		{08110A05-B835-4F52-9A46-E8BAB91E739D}.Release|x64.ActiveCfg = Release|Any CPU
		{08110A05-B835-4F52-9A46-E8BAB91E739D}.Release|x64.Build.0 = Release|Any CPU
		{08110A05-B835-4F52-9A46-E8BAB91E739D}.Release|x86.ActiveCfg = Release|Any CPU
		{08110A05-B835-4F52-9A46-E8BAB91E739D}.Release|x86.Build.0 = Release|Any CPU
		{D4323469-62D6-4498-8702-579BFF9FC43A}.Debug|Any CPU.ActiveCfg = Debug|Any CPU
		{D4323469-62D6-4498-8702-579BFF9FC43A}.Debug|ARM.ActiveCfg = Debug|Any CPU
		{D4323469-62D6-4498-8702-579BFF9FC43A}.Debug|iPhone.ActiveCfg = Debug|Any CPU
		{D4323469-62D6-4498-8702-579BFF9FC43A}.Debug|iPhoneSimulator.ActiveCfg = Debug|Any CPU
		{D4323469-62D6-4498-8702-579BFF9FC43A}.Debug|x64.ActiveCfg = Debug|Any CPU
		{D4323469-62D6-4498-8702-579BFF9FC43A}.Debug|x86.ActiveCfg = Debug|Any CPU
		{D4323469-62D6-4498-8702-579BFF9FC43A}.Release|Any CPU.ActiveCfg = Release|Any CPU
		{D4323469-62D6-4498-8702-579BFF9FC43A}.Release|ARM.ActiveCfg = Release|Any CPU
		{D4323469-62D6-4498-8702-579BFF9FC43A}.Release|iPhone.ActiveCfg = Release|Any CPU
		{D4323469-62D6-4498-8702-579BFF9FC43A}.Release|iPhoneSimulator.ActiveCfg = Release|Any CPU
		{D4323469-62D6-4498-8702-579BFF9FC43A}.Release|x64.ActiveCfg = Release|Any CPU
		{D4323469-62D6-4498-8702-579BFF9FC43A}.Release|x86.ActiveCfg = Release|Any CPU
		{778E04F6-8AC9-423E-88B0-BFB779F4C36F}.Debug|Any CPU.ActiveCfg = Debug|Any CPU
		{778E04F6-8AC9-423E-88B0-BFB779F4C36F}.Debug|Any CPU.Build.0 = Debug|Any CPU
		{778E04F6-8AC9-423E-88B0-BFB779F4C36F}.Debug|Any CPU.Deploy.0 = Debug|Any CPU
		{778E04F6-8AC9-423E-88B0-BFB779F4C36F}.Debug|ARM.ActiveCfg = Debug|Any CPU
		{778E04F6-8AC9-423E-88B0-BFB779F4C36F}.Debug|ARM.Build.0 = Debug|Any CPU
		{778E04F6-8AC9-423E-88B0-BFB779F4C36F}.Debug|ARM.Deploy.0 = Debug|Any CPU
		{778E04F6-8AC9-423E-88B0-BFB779F4C36F}.Debug|iPhone.ActiveCfg = Debug|Any CPU
		{778E04F6-8AC9-423E-88B0-BFB779F4C36F}.Debug|iPhone.Build.0 = Debug|Any CPU
		{778E04F6-8AC9-423E-88B0-BFB779F4C36F}.Debug|iPhone.Deploy.0 = Debug|Any CPU
		{778E04F6-8AC9-423E-88B0-BFB779F4C36F}.Debug|iPhoneSimulator.ActiveCfg = Debug|Any CPU
		{778E04F6-8AC9-423E-88B0-BFB779F4C36F}.Debug|iPhoneSimulator.Build.0 = Debug|Any CPU
		{778E04F6-8AC9-423E-88B0-BFB779F4C36F}.Debug|iPhoneSimulator.Deploy.0 = Debug|Any CPU
		{778E04F6-8AC9-423E-88B0-BFB779F4C36F}.Debug|x64.ActiveCfg = Debug|Any CPU
		{778E04F6-8AC9-423E-88B0-BFB779F4C36F}.Debug|x64.Build.0 = Debug|Any CPU
		{778E04F6-8AC9-423E-88B0-BFB779F4C36F}.Debug|x64.Deploy.0 = Debug|Any CPU
		{778E04F6-8AC9-423E-88B0-BFB779F4C36F}.Debug|x86.ActiveCfg = Debug|Any CPU
		{778E04F6-8AC9-423E-88B0-BFB779F4C36F}.Debug|x86.Build.0 = Debug|Any CPU
		{778E04F6-8AC9-423E-88B0-BFB779F4C36F}.Debug|x86.Deploy.0 = Debug|Any CPU
		{778E04F6-8AC9-423E-88B0-BFB779F4C36F}.Release|Any CPU.ActiveCfg = Release|Any CPU
		{778E04F6-8AC9-423E-88B0-BFB779F4C36F}.Release|Any CPU.Build.0 = Release|Any CPU
		{778E04F6-8AC9-423E-88B0-BFB779F4C36F}.Release|Any CPU.Deploy.0 = Release|Any CPU
		{778E04F6-8AC9-423E-88B0-BFB779F4C36F}.Release|ARM.ActiveCfg = Release|Any CPU
		{778E04F6-8AC9-423E-88B0-BFB779F4C36F}.Release|ARM.Build.0 = Release|Any CPU
		{778E04F6-8AC9-423E-88B0-BFB779F4C36F}.Release|ARM.Deploy.0 = Release|Any CPU
		{778E04F6-8AC9-423E-88B0-BFB779F4C36F}.Release|iPhone.ActiveCfg = Release|Any CPU
		{778E04F6-8AC9-423E-88B0-BFB779F4C36F}.Release|iPhone.Build.0 = Release|Any CPU
		{778E04F6-8AC9-423E-88B0-BFB779F4C36F}.Release|iPhone.Deploy.0 = Release|Any CPU
		{778E04F6-8AC9-423E-88B0-BFB779F4C36F}.Release|iPhoneSimulator.ActiveCfg = Release|Any CPU
		{778E04F6-8AC9-423E-88B0-BFB779F4C36F}.Release|iPhoneSimulator.Build.0 = Release|Any CPU
		{778E04F6-8AC9-423E-88B0-BFB779F4C36F}.Release|iPhoneSimulator.Deploy.0 = Release|Any CPU
		{778E04F6-8AC9-423E-88B0-BFB779F4C36F}.Release|x64.ActiveCfg = Release|Any CPU
		{778E04F6-8AC9-423E-88B0-BFB779F4C36F}.Release|x64.Build.0 = Release|Any CPU
		{778E04F6-8AC9-423E-88B0-BFB779F4C36F}.Release|x64.Deploy.0 = Release|Any CPU
		{778E04F6-8AC9-423E-88B0-BFB779F4C36F}.Release|x86.ActiveCfg = Release|Any CPU
		{778E04F6-8AC9-423E-88B0-BFB779F4C36F}.Release|x86.Build.0 = Release|Any CPU
		{778E04F6-8AC9-423E-88B0-BFB779F4C36F}.Release|x86.Deploy.0 = Release|Any CPU
	EndGlobalSection
	GlobalSection(SolutionProperties) = preSolution
		HideSolutionNode = FALSE
	EndGlobalSection
	GlobalSection(ExtensibilityGlobals) = postSolution
		SolutionGuid = {D56648B9-A709-4994-B233-816696B0D12B}
	EndGlobalSection
EndGlobal
