
Microsoft Visual Studio Solution File, Format Version 12.00
# Visual Studio Version 16
VisualStudioVersion = 16.0.29020.237
MinimumVisualStudioVersion = 10.0.40219.1
Project("{888888A0-9F3D-457C-B088-3A5042F75D52}") = "BirdwatcherIoTClient", "BirdwatcherIoTClient\BirdwatcherIoTClient.pyproj", "{E93C7CFB-9DB2-4132-B1AB-B57E50B93966}"
EndProject
Project("{FAE04EC0-301F-11D3-BF4B-00C04F79EFBC}") = "BirdWatcherMobileApp.Android", "BirdWatcherMobileApp\BirdWatcherMobileApp.Android\BirdWatcherMobileApp.Android.csproj", "{974F3BB1-C8A8-45FA-B1AE-7F5A1AE057B7}"
EndProject
Project("{FAE04EC0-301F-11D3-BF4B-00C04F79EFBC}") = "BirdWatcherMobileApp.iOS", "BirdWatcherMobileApp\BirdWatcherMobileApp.iOS\BirdWatcherMobileApp.iOS.csproj", "{AF4C93BD-D649-47BB-8832-59E67DAA56D8}"
EndProject
Project("{9A19103F-16F7-4668-BE54-9A1E7A4F7556}") = "BirdWatcherMobileApp", "BirdWatcherMobileApp\BirdWatcherMobileApp\BirdWatcherMobileApp.csproj", "{2A18D5FD-38ED-42BA-BE9C-0CB2F7E2F326}"
EndProject
Project("{9A19103F-16F7-4668-BE54-9A1E7A4F7556}") = "BirdWatcherWeb", "BirdWatcherWeb\BirdWatcherWeb.csproj", "{08110A05-B835-4F52-9A46-E8BAB91E739D}"
EndProject
Global
	GlobalSection(SolutionConfigurationPlatforms) = preSolution
		Debug|Any CPU = Debug|Any CPU
		Debug|ARM = Debug|ARM
		Debug|iPhone = Debug|iPhone
		Debug|iPhoneSimulator = Debug|iPhoneSimulator
		Debug|x64 = Debug|x64
		Debug|x86 = Debug|x86
		Release|Any CPU = Release|Any CPU
		Release|ARM = Release|ARM
		Release|iPhone = Release|iPhone
		Release|iPhoneSimulator = Release|iPhoneSimulator
		Release|x64 = Release|x64
		Release|x86 = Release|x86
	EndGlobalSection
	GlobalSection(ProjectConfigurationPlatforms) = postSolution
		{E93C7CFB-9DB2-4132-B1AB-B57E50B93966}.Debug|Any CPU.ActiveCfg = Debug|Any CPU
		{E93C7CFB-9DB2-4132-B1AB-B57E50B93966}.Debug|ARM.ActiveCfg = Debug|Any CPU
		{E93C7CFB-9DB2-4132-B1AB-B57E50B93966}.Debug|iPhone.ActiveCfg = Debug|Any CPU
		{E93C7CFB-9DB2-4132-B1AB-B57E50B93966}.Debug|iPhoneSimulator.ActiveCfg = Debug|Any CPU
		{E93C7CFB-9DB2-4132-B1AB-B57E50B93966}.Debug|x64.ActiveCfg = Debug|Any CPU
		{E93C7CFB-9DB2-4132-B1AB-B57E50B93966}.Debug|x86.ActiveCfg = Debug|Any CPU
		{E93C7CFB-9DB2-4132-B1AB-B57E50B93966}.Release|Any CPU.ActiveCfg = Release|Any CPU
		{E93C7CFB-9DB2-4132-B1AB-B57E50B93966}.Release|ARM.ActiveCfg = Release|Any CPU
		{E93C7CFB-9DB2-4132-B1AB-B57E50B93966}.Release|iPhone.ActiveCfg = Release|Any CPU
		{E93C7CFB-9DB2-4132-B1AB-B57E50B93966}.Release|iPhoneSimulator.ActiveCfg = Release|Any CPU
		{E93C7CFB-9DB2-4132-B1AB-B57E50B93966}.Release|x64.ActiveCfg = Release|Any CPU
		{E93C7CFB-9DB2-4132-B1AB-B57E50B93966}.Release|x86.ActiveCfg = Release|Any CPU
		{974F3BB1-C8A8-45FA-B1AE-7F5A1AE057B7}.Debug|Any CPU.ActiveCfg = Debug|Any CPU
		{974F3BB1-C8A8-45FA-B1AE-7F5A1AE057B7}.Debug|Any CPU.Build.0 = Debug|Any CPU
		{974F3BB1-C8A8-45FA-B1AE-7F5A1AE057B7}.Debug|Any CPU.Deploy.0 = Debug|Any CPU
		{974F3BB1-C8A8-45FA-B1AE-7F5A1AE057B7}.Debug|ARM.ActiveCfg = Debug|Any CPU
		{974F3BB1-C8A8-45FA-B1AE-7F5A1AE057B7}.Debug|ARM.Build.0 = Debug|Any CPU
		{974F3BB1-C8A8-45FA-B1AE-7F5A1AE057B7}.Debug|ARM.Deploy.0 = Debug|Any CPU
		{974F3BB1-C8A8-45FA-B1AE-7F5A1AE057B7}.Debug|iPhone.ActiveCfg = Debug|Any CPU
		{974F3BB1-C8A8-45FA-B1AE-7F5A1AE057B7}.Debug|iPhone.Build.0 = Debug|Any CPU
		{974F3BB1-C8A8-45FA-B1AE-7F5A1AE057B7}.Debug|iPhone.Deploy.0 = Debug|Any CPU
		{974F3BB1-C8A8-45FA-B1AE-7F5A1AE057B7}.Debug|iPhoneSimulator.ActiveCfg = Debug|Any CPU
		{974F3BB1-C8A8-45FA-B1AE-7F5A1AE057B7}.Debug|iPhoneSimulator.Build.0 = Debug|Any CPU
		{974F3BB1-C8A8-45FA-B1AE-7F5A1AE057B7}.Debug|iPhoneSimulator.Deploy.0 = Debug|Any CPU
		{974F3BB1-C8A8-45FA-B1AE-7F5A1AE057B7}.Debug|x64.ActiveCfg = Debug|Any CPU
		{974F3BB1-C8A8-45FA-B1AE-7F5A1AE057B7}.Debug|x64.Build.0 = Debug|Any CPU
		{974F3BB1-C8A8-45FA-B1AE-7F5A1AE057B7}.Debug|x64.Deploy.0 = Debug|Any CPU
		{974F3BB1-C8A8-45FA-B1AE-7F5A1AE057B7}.Debug|x86.ActiveCfg = Debug|Any CPU
		{974F3BB1-C8A8-45FA-B1AE-7F5A1AE057B7}.Debug|x86.Build.0 = Debug|Any CPU
		{974F3BB1-C8A8-45FA-B1AE-7F5A1AE057B7}.Debug|x86.Deploy.0 = Debug|Any CPU
		{974F3BB1-C8A8-45FA-B1AE-7F5A1AE057B7}.Release|Any CPU.ActiveCfg = Release|Any CPU
		{974F3BB1-C8A8-45FA-B1AE-7F5A1AE057B7}.Release|Any CPU.Build.0 = Release|Any CPU
		{974F3BB1-C8A8-45FA-B1AE-7F5A1AE057B7}.Release|Any CPU.Deploy.0 = Release|Any CPU
		{974F3BB1-C8A8-45FA-B1AE-7F5A1AE057B7}.Release|ARM.ActiveCfg = Release|Any CPU
		{974F3BB1-C8A8-45FA-B1AE-7F5A1AE057B7}.Release|ARM.Build.0 = Release|Any CPU
		{974F3BB1-C8A8-45FA-B1AE-7F5A1AE057B7}.Release|ARM.Deploy.0 = Release|Any CPU
		{974F3BB1-C8A8-45FA-B1AE-7F5A1AE057B7}.Release|iPhone.ActiveCfg = Release|Any CPU
		{974F3BB1-C8A8-45FA-B1AE-7F5A1AE057B7}.Release|iPhone.Build.0 = Release|Any CPU
		{974F3BB1-C8A8-45FA-B1AE-7F5A1AE057B7}.Release|iPhone.Deploy.0 = Release|Any CPU
		{974F3BB1-C8A8-45FA-B1AE-7F5A1AE057B7}.Release|iPhoneSimulator.ActiveCfg = Release|Any CPU
		{974F3BB1-C8A8-45FA-B1AE-7F5A1AE057B7}.Release|iPhoneSimulator.Build.0 = Release|Any CPU
		{974F3BB1-C8A8-45FA-B1AE-7F5A1AE057B7}.Release|iPhoneSimulator.Deploy.0 = Release|Any CPU
		{974F3BB1-C8A8-45FA-B1AE-7F5A1AE057B7}.Release|x64.ActiveCfg = Release|Any CPU
		{974F3BB1-C8A8-45FA-B1AE-7F5A1AE057B7}.Release|x64.Build.0 = Release|Any CPU
		{974F3BB1-C8A8-45FA-B1AE-7F5A1AE057B7}.Release|x64.Deploy.0 = Release|Any CPU
		{974F3BB1-C8A8-45FA-B1AE-7F5A1AE057B7}.Release|x86.ActiveCfg = Release|Any CPU
		{974F3BB1-C8A8-45FA-B1AE-7F5A1AE057B7}.Release|x86.Build.0 = Release|Any CPU
		{974F3BB1-C8A8-45FA-B1AE-7F5A1AE057B7}.Release|x86.Deploy.0 = Release|Any CPU
		{AF4C93BD-D649-47BB-8832-59E67DAA56D8}.Debug|Any CPU.ActiveCfg = Debug|iPhone
		{AF4C93BD-D649-47BB-8832-59E67DAA56D8}.Debug|ARM.ActiveCfg = Debug|iPhone
		{AF4C93BD-D649-47BB-8832-59E67DAA56D8}.Debug|iPhone.ActiveCfg = Debug|iPhone
		{AF4C93BD-D649-47BB-8832-59E67DAA56D8}.Debug|iPhone.Build.0 = Debug|iPhone
		{AF4C93BD-D649-47BB-8832-59E67DAA56D8}.Debug|iPhoneSimulator.ActiveCfg = Debug|iPhoneSimulator
		{AF4C93BD-D649-47BB-8832-59E67DAA56D8}.Debug|iPhoneSimulator.Build.0 = Debug|iPhoneSimulator
		{AF4C93BD-D649-47BB-8832-59E67DAA56D8}.Debug|x64.ActiveCfg = Debug|iPhone
		{AF4C93BD-D649-47BB-8832-59E67DAA56D8}.Debug|x86.ActiveCfg = Debug|iPhone
		{AF4C93BD-D649-47BB-8832-59E67DAA56D8}.Release|Any CPU.ActiveCfg = Release|iPhone
		{AF4C93BD-D649-47BB-8832-59E67DAA56D8}.Release|ARM.ActiveCfg = Release|iPhone
		{AF4C93BD-D649-47BB-8832-59E67DAA56D8}.Release|iPhone.ActiveCfg = Release|iPhone
		{AF4C93BD-D649-47BB-8832-59E67DAA56D8}.Release|iPhone.Build.0 = Release|iPhone
		{AF4C93BD-D649-47BB-8832-59E67DAA56D8}.Release|iPhoneSimulator.ActiveCfg = Release|iPhoneSimulator
		{AF4C93BD-D649-47BB-8832-59E67DAA56D8}.Release|iPhoneSimulator.Build.0 = Release|iPhoneSimulator
		{AF4C93BD-D649-47BB-8832-59E67DAA56D8}.Release|x64.ActiveCfg = Release|iPhone
		{AF4C93BD-D649-47BB-8832-59E67DAA56D8}.Release|x86.ActiveCfg = Release|iPhone
		{2A18D5FD-38ED-42BA-BE9C-0CB2F7E2F326}.Debug|Any CPU.ActiveCfg = Debug|Any CPU
		{2A18D5FD-38ED-42BA-BE9C-0CB2F7E2F326}.Debug|Any CPU.Build.0 = Debug|Any CPU
		{2A18D5FD-38ED-42BA-BE9C-0CB2F7E2F326}.Debug|ARM.ActiveCfg = Debug|Any CPU
		{2A18D5FD-38ED-42BA-BE9C-0CB2F7E2F326}.Debug|ARM.Build.0 = Debug|Any CPU
		{2A18D5FD-38ED-42BA-BE9C-0CB2F7E2F326}.Debug|iPhone.ActiveCfg = Debug|Any CPU
		{2A18D5FD-38ED-42BA-BE9C-0CB2F7E2F326}.Debug|iPhone.Build.0 = Debug|Any CPU
		{2A18D5FD-38ED-42BA-BE9C-0CB2F7E2F326}.Debug|iPhoneSimulator.ActiveCfg = Debug|Any CPU
		{2A18D5FD-38ED-42BA-BE9C-0CB2F7E2F326}.Debug|iPhoneSimulator.Build.0 = Debug|Any CPU
		{2A18D5FD-38ED-42BA-BE9C-0CB2F7E2F326}.Debug|x64.ActiveCfg = Debug|Any CPU
		{2A18D5FD-38ED-42BA-BE9C-0CB2F7E2F326}.Debug|x64.Build.0 = Debug|Any CPU
		{2A18D5FD-38ED-42BA-BE9C-0CB2F7E2F326}.Debug|x86.ActiveCfg = Debug|Any CPU
		{2A18D5FD-38ED-42BA-BE9C-0CB2F7E2F326}.Debug|x86.Build.0 = Debug|Any CPU
		{2A18D5FD-38ED-42BA-BE9C-0CB2F7E2F326}.Release|Any CPU.ActiveCfg = Release|Any CPU
		{2A18D5FD-38ED-42BA-BE9C-0CB2F7E2F326}.Release|Any CPU.Build.0 = Release|Any CPU
		{2A18D5FD-38ED-42BA-BE9C-0CB2F7E2F326}.Release|ARM.ActiveCfg = Release|Any CPU
		{2A18D5FD-38ED-42BA-BE9C-0CB2F7E2F326}.Release|ARM.Build.0 = Release|Any CPU
		{2A18D5FD-38ED-42BA-BE9C-0CB2F7E2F326}.Release|iPhone.ActiveCfg = Release|Any CPU
		{2A18D5FD-38ED-42BA-BE9C-0CB2F7E2F326}.Release|iPhone.Build.0 = Release|Any CPU
		{2A18D5FD-38ED-42BA-BE9C-0CB2F7E2F326}.Release|iPhoneSimulator.ActiveCfg = Release|Any CPU
		{2A18D5FD-38ED-42BA-BE9C-0CB2F7E2F326}.Release|iPhoneSimulator.Build.0 = Release|Any CPU
		{2A18D5FD-38ED-42BA-BE9C-0CB2F7E2F326}.Release|x64.ActiveCfg = Release|Any CPU
		{2A18D5FD-38ED-42BA-BE9C-0CB2F7E2F326}.Release|x64.Build.0 = Release|Any CPU
		{2A18D5FD-38ED-42BA-BE9C-0CB2F7E2F326}.Release|x86.ActiveCfg = Release|Any CPU
		{2A18D5FD-38ED-42BA-BE9C-0CB2F7E2F326}.Release|x86.Build.0 = Release|Any CPU
		{08110A05-B835-4F52-9A46-E8BAB91E739D}.Debug|Any CPU.ActiveCfg = Debug|Any CPU
		{08110A05-B835-4F52-9A46-E8BAB91E739D}.Debug|Any CPU.Build.0 = Debug|Any CPU
		{08110A05-B835-4F52-9A46-E8BAB91E739D}.Debug|ARM.ActiveCfg = Debug|Any CPU
		{08110A05-B835-4F52-9A46-E8BAB91E739D}.Debug|ARM.Build.0 = Debug|Any CPU
		{08110A05-B835-4F52-9A46-E8BAB91E739D}.Debug|iPhone.ActiveCfg = Debug|Any CPU
		{08110A05-B835-4F52-9A46-E8BAB91E739D}.Debug|iPhone.Build.0 = Debug|Any CPU
		{08110A05-B835-4F52-9A46-E8BAB91E739D}.Debug|iPhoneSimulator.ActiveCfg = Debug|Any CPU
		{08110A05-B835-4F52-9A46-E8BAB91E739D}.Debug|iPhoneSimulator.Build.0 = Debug|Any CPU
		{08110A05-B835-4F52-9A46-E8BAB91E739D}.Debug|x64.ActiveCfg = Debug|Any CPU
		{08110A05-B835-4F52-9A46-E8BAB91E739D}.Debug|x64.Build.0 = Debug|Any CPU
		{08110A05-B835-4F52-9A46-E8BAB91E739D}.Debug|x86.ActiveCfg = Debug|Any CPU
		{08110A05-B835-4F52-9A46-E8BAB91E739D}.Debug|x86.Build.0 = Debug|Any CPU
		{08110A05-B835-4F52-9A46-E8BAB91E739D}.Release|Any CPU.ActiveCfg = Release|Any CPU
		{08110A05-B835-4F52-9A46-E8BAB91E739D}.Release|Any CPU.Build.0 = Release|Any CPU
		{08110A05-B835-4F52-9A46-E8BAB91E739D}.Release|ARM.ActiveCfg = Release|Any CPU
		{08110A05-B835-4F52-9A46-E8BAB91E739D}.Release|ARM.Build.0 = Release|Any CPU
		{08110A05-B835-4F52-9A46-E8BAB91E739D}.Release|iPhone.ActiveCfg = Release|Any CPU
		{08110A05-B835-4F52-9A46-E8BAB91E739D}.Release|iPhone.Build.0 = Release|Any CPU
		{08110A05-B835-4F52-9A46-E8BAB91E739D}.Release|iPhoneSimulator.ActiveCfg = Release|Any CPU
		{08110A05-B835-4F52-9A46-E8BAB91E739D}.Release|iPhoneSimulator.Build.0 = Release|Any CPU
		{08110A05-B835-4F52-9A46-E8BAB91E739D}.Release|x64.ActiveCfg = Release|Any CPU
		{08110A05-B835-4F52-9A46-E8BAB91E739D}.Release|x64.Build.0 = Release|Any CPU
		{08110A05-B835-4F52-9A46-E8BAB91E739D}.Release|x86.ActiveCfg = Release|Any CPU
		{08110A05-B835-4F52-9A46-E8BAB91E739D}.Release|x86.Build.0 = Release|Any CPU
	EndGlobalSection
	GlobalSection(SolutionProperties) = preSolution
		HideSolutionNode = FALSE
	EndGlobalSection
	GlobalSection(ExtensibilityGlobals) = postSolution
		SolutionGuid = {D56648B9-A709-4994-B233-816696B0D12B}
	EndGlobalSection
EndGlobal
